
Microsoft Visual Studio Solution File, Format Version 12.00
# Visual Studio 15
VisualStudioVersion = 15.0.28307.645
MinimumVisualStudioVersion = 10.0.40219.1
Project("{9A19103F-16F7-4668-BE54-9A1E7A4F7556}") = "Warframe", "Warframe\Warframe.csproj", "{9B9175C4-F712-4B0C-B705-2BCF1E241ADA}"
EndProject
Project("{FAE04EC0-301F-11D3-BF4B-00C04F79EFBC}") = "Warframe.Market", "Warframe.Market\Warframe.Market.csproj", "{65AFE4B3-EA17-4168-8609-81C843F890F0}"
EndProject
Project("{FAE04EC0-301F-11D3-BF4B-00C04F79EFBC}") = "Warframe.Market.WFMAPIMarketDataProvider", "Warframe.Market.WFMAPIMarketDataProvider\Warframe.Market.WFMAPIMarketDataProvider.csproj", "{58BA2C77-FAAE-4184-91BA-C65BF3AD59CB}"
EndProject
Global
	GlobalSection(SolutionConfigurationPlatforms) = preSolution
		Debug|Any CPU = Debug|Any CPU
		Release|Any CPU = Release|Any CPU
	EndGlobalSection
	GlobalSection(ProjectConfigurationPlatforms) = postSolution
		{9B9175C4-F712-4B0C-B705-2BCF1E241ADA}.Debug|Any CPU.ActiveCfg = Debug|Any CPU
		{9B9175C4-F712-4B0C-B705-2BCF1E241ADA}.Debug|Any CPU.Build.0 = Debug|Any CPU
		{9B9175C4-F712-4B0C-B705-2BCF1E241ADA}.Release|Any CPU.ActiveCfg = Release|Any CPU
		{9B9175C4-F712-4B0C-B705-2BCF1E241ADA}.Release|Any CPU.Build.0 = Release|Any CPU
		{65AFE4B3-EA17-4168-8609-81C843F890F0}.Debug|Any CPU.ActiveCfg = Debug|Any CPU
		{65AFE4B3-EA17-4168-8609-81C843F890F0}.Debug|Any CPU.Build.0 = Debug|Any CPU
		{65AFE4B3-EA17-4168-8609-81C843F890F0}.Release|Any CPU.ActiveCfg = Release|Any CPU
		{65AFE4B3-EA17-4168-8609-81C843F890F0}.Release|Any CPU.Build.0 = Release|Any CPU
		{58BA2C77-FAAE-4184-91BA-C65BF3AD59CB}.Debug|Any CPU.ActiveCfg = Debug|Any CPU
		{58BA2C77-FAAE-4184-91BA-C65BF3AD59CB}.Debug|Any CPU.Build.0 = Debug|Any CPU
		{58BA2C77-FAAE-4184-91BA-C65BF3AD59CB}.Release|Any CPU.ActiveCfg = Release|Any CPU
		{58BA2C77-FAAE-4184-91BA-C65BF3AD59CB}.Release|Any CPU.Build.0 = Release|Any CPU
	EndGlobalSection
	GlobalSection(SolutionProperties) = preSolution
		HideSolutionNode = FALSE
	EndGlobalSection
	GlobalSection(ExtensibilityGlobals) = postSolution
		SolutionGuid = {35D1B939-1421-434B-88AE-7ECE8A95F38E}
	EndGlobalSection
EndGlobal
